
Microsoft Visual Studio Solution File, Format Version 12.00
# Visual Studio Version 17
VisualStudioVersion = 17.4.33213.308
MinimumVisualStudioVersion = 10.0.40219.1
Project("{FAE04EC0-301F-11D3-BF4B-00C04F79EFBC}") = "Datebase_", "Datebase_\Datebase_.csproj", "{7483D186-2258-4CC5-86BE-1BFA94695F71}"
EndProject
Global
	GlobalSection(SolutionConfigurationPlatforms) = preSolution
		Debug|Any CPU = Debug|Any CPU
		Release|Any CPU = Release|Any CPU
	EndGlobalSection
	GlobalSection(ProjectConfigurationPlatforms) = postSolution
		{7483D186-2258-4CC5-86BE-1BFA94695F71}.Debug|Any CPU.ActiveCfg = Debug|Any CPU
		{7483D186-2258-4CC5-86BE-1BFA94695F71}.Debug|Any CPU.Build.0 = Debug|Any CPU
		{7483D186-2258-4CC5-86BE-1BFA94695F71}.Release|Any CPU.ActiveCfg = Release|Any CPU
		{7483D186-2258-4CC5-86BE-1BFA94695F71}.Release|Any CPU.Build.0 = Release|Any CPU
	EndGlobalSection
	GlobalSection(SolutionProperties) = preSolution
		HideSolutionNode = FALSE
	EndGlobalSection
	GlobalSection(ExtensibilityGlobals) = postSolution
		SolutionGuid = {0B390B06-68FA-4550-AE58-A3A34DC001FB}
	EndGlobalSection
EndGlobal
